
Microsoft Visual Studio Solution File, Format Version 12.00
# Visual Studio Version 16
VisualStudioVersion = 16.0.31114.26
MinimumVisualStudioVersion = 10.0.40219.1
Project("{FAE04EC0-301F-11D3-BF4B-00C04F79EFBC}") = "Empty50", "Empty50\Empty50.csproj", "{D3DFE9DC-89CA-4A27-B1D3-670DBF6F8FE0}"
EndProject
Global
	GlobalSection(SolutionConfigurationPlatforms) = preSolution
		Debug|Any CPU = Debug|Any CPU
		Release|Any CPU = Release|Any CPU
	EndGlobalSection
	GlobalSection(ProjectConfigurationPlatforms) = postSolution
		{D3DFE9DC-89CA-4A27-B1D3-670DBF6F8FE0}.Debug|Any CPU.ActiveCfg = Debug|Any CPU
		{D3DFE9DC-89CA-4A27-B1D3-670DBF6F8FE0}.Debug|Any CPU.Build.0 = Debug|Any CPU
		{D3DFE9DC-89CA-4A27-B1D3-670DBF6F8FE0}.Release|Any CPU.ActiveCfg = Release|Any CPU
		{D3DFE9DC-89CA-4A27-B1D3-670DBF6F8FE0}.Release|Any CPU.Build.0 = Release|Any CPU
	EndGlobalSection
	GlobalSection(SolutionProperties) = preSolution
		HideSolutionNode = FALSE
	EndGlobalSection
	GlobalSection(ExtensibilityGlobals) = postSolution
		SolutionGuid = {B690F8A4-B57D-4CB4-8E55-2810C19E89B7}
	EndGlobalSection
EndGlobal
